
Microsoft Visual Studio Solution File, Format Version 12.00
# Visual Studio Version 17
VisualStudioVersion = 17.7.34024.191
MinimumVisualStudioVersion = 10.0.40219.1
Project("{8BC9CEB8-8B4A-11D0-8D11-00A0C91BC942}") = "ConsoleApplication1", "ConsoleApplication1.vcxproj", "{DA7A6CB4-FD42-4CED-9997-4126D1C09AD5}"
EndProject
Global
	GlobalSection(SolutionConfigurationPlatforms) = preSolution
		Debug|x64 = Debug|x64
		Debug|x86 = Debug|x86
		Release|x64 = Release|x64
		Release|x86 = Release|x86
	EndGlobalSection
	GlobalSection(ProjectConfigurationPlatforms) = postSolution
		{DA7A6CB4-FD42-4CED-9997-4126D1C09AD5}.Debug|x64.ActiveCfg = Debug|x64
		{DA7A6CB4-FD42-4CED-9997-4126D1C09AD5}.Debug|x64.Build.0 = Debug|x64
		{DA7A6CB4-FD42-4CED-9997-4126D1C09AD5}.Debug|x86.ActiveCfg = Debug|Win32
		{DA7A6CB4-FD42-4CED-9997-4126D1C09AD5}.Debug|x86.Build.0 = Debug|Win32
		{DA7A6CB4-FD42-4CED-9997-4126D1C09AD5}.Release|x64.ActiveCfg = Release|x64
		{DA7A6CB4-FD42-4CED-9997-4126D1C09AD5}.Release|x64.Build.0 = Release|x64
		{DA7A6CB4-FD42-4CED-9997-4126D1C09AD5}.Release|x86.ActiveCfg = Release|Win32
		{DA7A6CB4-FD42-4CED-9997-4126D1C09AD5}.Release|x86.Build.0 = Release|Win32
	EndGlobalSection
	GlobalSection(SolutionProperties) = preSolution
		HideSolutionNode = FALSE
	EndGlobalSection
	GlobalSection(ExtensibilityGlobals) = postSolution
		SolutionGuid = {AFADCA19-F6D4-4FE4-94E6-532A58B03AE7}
	EndGlobalSection
EndGlobal
