
Microsoft Visual Studio Solution File, Format Version 12.00
# Visual Studio Version 17
VisualStudioVersion = 17.7.34024.191
MinimumVisualStudioVersion = 10.0.40219.1
Project("{8BC9CEB8-8B4A-11D0-8D11-00A0C91BC942}") = "laba2_1", "laba2_1.vcxproj", "{CDAD2233-52F6-4C36-8159-E2962349575C}"
EndProject
Global
	GlobalSection(SolutionConfigurationPlatforms) = preSolution
		Debug|x64 = Debug|x64
		Debug|x86 = Debug|x86
		Release|x64 = Release|x64
		Release|x86 = Release|x86
	EndGlobalSection
	GlobalSection(ProjectConfigurationPlatforms) = postSolution
		{CDAD2233-52F6-4C36-8159-E2962349575C}.Debug|x64.ActiveCfg = Debug|x64
		{CDAD2233-52F6-4C36-8159-E2962349575C}.Debug|x64.Build.0 = Debug|x64
		{CDAD2233-52F6-4C36-8159-E2962349575C}.Debug|x86.ActiveCfg = Debug|Win32
		{CDAD2233-52F6-4C36-8159-E2962349575C}.Debug|x86.Build.0 = Debug|Win32
		{CDAD2233-52F6-4C36-8159-E2962349575C}.Release|x64.ActiveCfg = Release|x64
		{CDAD2233-52F6-4C36-8159-E2962349575C}.Release|x64.Build.0 = Release|x64
		{CDAD2233-52F6-4C36-8159-E2962349575C}.Release|x86.ActiveCfg = Release|Win32
		{CDAD2233-52F6-4C36-8159-E2962349575C}.Release|x86.Build.0 = Release|Win32
	EndGlobalSection
	GlobalSection(SolutionProperties) = preSolution
		HideSolutionNode = FALSE
	EndGlobalSection
	GlobalSection(ExtensibilityGlobals) = postSolution
		SolutionGuid = {25BA303D-7451-49EE-8776-FC4AF9787FF7}
	EndGlobalSection
EndGlobal
